# THIS IS AN AUTOGENERATED FILE. DO NOT EDIT THIS FILE DIRECTLY.
# yarn lockfile v1


"@fastify/deepmerge@^1.1.0":
  version "1.3.0"
  resolved "https://registry.yarnpkg.com/@fastify/deepmerge/-/deepmerge-1.3.0.tgz#8116858108f0c7d9fd460d05a7d637a13fe3239a"
  integrity sha512-J8TOSBq3SoZbDhM9+R/u77hP93gz/rajSA+K2kGyijPpORPWUXHUpTaleoj+92As0S9uPRP7Oi8IqMf0u+ro6A==

"@rollup/pluginutils@^4.2.1":
  version "4.2.1"
  resolved "https://registry.yarnpkg.com/@rollup/pluginutils/-/pluginutils-4.2.1.tgz#e6c6c3aba0744edce3fb2074922d3776c0af2a6d"
  integrity sha512-iKnFXr7NkdZAIHiIWE+BX5ULi/ucVFYWD6TbAV+rZctiRTY2PL6tsIKhoIOaoskiWAkgu+VsbXgUVDNLHf+InQ==
  dependencies:
    estree-walker "^2.0.1"
    picomatch "^2.2.2"

"@swc/core-darwin-arm64@1.3.41":
  version "1.3.41"
  resolved "https://registry.yarnpkg.com/@swc/core-darwin-arm64/-/core-darwin-arm64-1.3.41.tgz#c8ec25fb3171e1e53546d0fbf4044c33d5ab42c5"
  integrity sha512-D4fybODToO/BvuP35bionDUrSuTVVr8eW+mApr1unOqb3mfiqOrVv0VP2fpWNRYiA+xMq+oBCB6KcGpL60HKWQ==

"@swc/core-darwin-x64@1.3.41":
  version "1.3.41"
  resolved "https://registry.yarnpkg.com/@swc/core-darwin-x64/-/core-darwin-x64-1.3.41.tgz#0f9d7077762f4274d50a8ef76a56b76096a8f0ff"
  integrity sha512-0RoVyiPCnylf3TG77C3S86PRSmaq+SaYB4VDLJFz3qcEHz1pfP0LhyskhgX4wjQV1mveDzFEn1BVAuo0eOMwZA==

"@swc/core-linux-arm-gnueabihf@1.3.41":
  version "1.3.41"
  resolved "https://registry.yarnpkg.com/@swc/core-linux-arm-gnueabihf/-/core-linux-arm-gnueabihf-1.3.41.tgz#5f6a03c4e8cae674b6262fc0d625379af14985be"
  integrity sha512-mZW7GeY7Uw1nkKoWpx898ou20oCSt8MR+jAVuAhMjX+G4Zr0WWXYSigWNiRymhR6Q9KhyvoFpMckguSvYWmXsw==

"@swc/core-linux-arm64-gnu@1.3.41":
  version "1.3.41"
  resolved "https://registry.yarnpkg.com/@swc/core-linux-arm64-gnu/-/core-linux-arm64-gnu-1.3.41.tgz#e1c0a1669873dbab9ecb9573c2f7dd81b764212e"
  integrity sha512-e91LGn+6KuLFw3sWk5swwGc/dP4tXs0mg3HrhjImRoofU02Bb9aHcj5zgrSO8ZByvDtm/Knn16h1ojxIMOFaxg==

"@swc/core-linux-arm64-musl@1.3.41":
  version "1.3.41"
  resolved "https://registry.yarnpkg.com/@swc/core-linux-arm64-musl/-/core-linux-arm64-musl-1.3.41.tgz#add780ae831a72a65ec799009d0c0e3e78bb969c"
  integrity sha512-Q7hmrniLWsQ7zjtImGcjx1tl5/Qxpel+fC+OXTnGvAyyoGssSftIBlXMnqVLteL78zhxIPAzi+gizWAe5RGqrA==

"@swc/core-linux-x64-gnu@1.3.41":
  version "1.3.41"
  resolved "https://registry.yarnpkg.com/@swc/core-linux-x64-gnu/-/core-linux-x64-gnu-1.3.41.tgz#5b2bf83493e6fa0a58c3fb1815b9e59b923e300f"
  integrity sha512-h4sv1sCfZQgRIwmykz8WPqVpbvHb13Qm3SsrbOudhAp2MuzpWzsgMP5hAEpdCP/nWreiCz3aoM6L8JeakRDq0g==

"@swc/core-linux-x64-musl@1.3.41":
  version "1.3.41"
  resolved "https://registry.yarnpkg.com/@swc/core-linux-x64-musl/-/core-linux-x64-musl-1.3.41.tgz#146547ea3e62466ca971d71ebcc4cfeed3008bda"
  integrity sha512-Z7c26i38378d0NT/dcz8qPSAXm41lqhNzykdhKhI+95mA9m4pskP18T/0I45rmyx1ywifypu+Ip+SXmKeVSPgQ==

"@swc/core-win32-arm64-msvc@1.3.41":
  version "1.3.41"
  resolved "https://registry.yarnpkg.com/@swc/core-win32-arm64-msvc/-/core-win32-arm64-msvc-1.3.41.tgz#91e438c1ca102b52172294905821b43f9d429a32"
  integrity sha512-I0CYnPc+ZGc912YeN0TykIOf/Q7yJQHRwDuhewwD6RkbiSEaVfSux5pAmmdoKw2aGMSq+cwLmgPe9HYLRNz+4w==

"@swc/core-win32-ia32-msvc@1.3.41":
  version "1.3.41"
  resolved "https://registry.yarnpkg.com/@swc/core-win32-ia32-msvc/-/core-win32-ia32-msvc-1.3.41.tgz#77bdb6ab0ae942039756d41300c47315357bd814"
  integrity sha512-EygN4CVDWF29/U2T5fXGfWyLvRbMd2hiUgkciAl7zHuyJ6nKl+kpodqV2A0Wd4sFtSNedU0gQEBEXEe7cqvmsA==

"@swc/core-win32-x64-msvc@1.3.41":
  version "1.3.41"
  resolved "https://registry.yarnpkg.com/@swc/core-win32-x64-msvc/-/core-win32-x64-msvc-1.3.41.tgz#a8d766fc7a68752a3060276a90b7328d9f266631"
  integrity sha512-Mfp8qD1hNwWWRy0ISdwQJu1g0UYoVTtuQlO0z3aGbXqL51ew9e56+8j3M1U9i95lXFyWkARgjDCcKkQi+WezyA==

"@swc/core@^1.3.41":
  version "1.3.41"
  resolved "https://registry.yarnpkg.com/@swc/core/-/core-1.3.41.tgz#8f10559db269da1a5df9863c92653f8afd0bd7c1"
  integrity sha512-v6P2dfqJDpZ/7RXPvWge9oI6YgolDM0jtNhQZ2qdXrLBzaWQdDoBGBTJ8KN/nTgGhX3IkNvSB1fafXQ+nVnqAQ==
  optionalDependencies:
    "@swc/core-darwin-arm64" "1.3.41"
    "@swc/core-darwin-x64" "1.3.41"
    "@swc/core-linux-arm-gnueabihf" "1.3.41"
    "@swc/core-linux-arm64-gnu" "1.3.41"
    "@swc/core-linux-arm64-musl" "1.3.41"
    "@swc/core-linux-x64-gnu" "1.3.41"
    "@swc/core-linux-x64-musl" "1.3.41"
    "@swc/core-win32-arm64-msvc" "1.3.41"
    "@swc/core-win32-ia32-msvc" "1.3.41"
    "@swc/core-win32-x64-msvc" "1.3.41"

estree-walker@^2.0.1:
  version "2.0.2"
  resolved "https://registry.yarnpkg.com/estree-walker/-/estree-walker-2.0.2.tgz#52f010178c2a4c117a7757cfe942adb7d2da4cac"
  integrity sha512-Rfkk/Mp/DL7JVje3u18FxFujQlTNR2q6QfMSMB7AvCBx91NGj/ba3kCfza0f6dVDbw7YlRf/nDrn7pQrCCyQ/w==

fsevents@~2.3.2:
  version "2.3.2"
  resolved "https://registry.yarnpkg.com/fsevents/-/fsevents-2.3.2.tgz#8a526f78b8fdf4623b709e0b975c52c24c02fd1a"
  integrity sha512-xiqMQR4xAeHTuB9uWm+fFRcIOgKBMiOBP+eXiyT7jsgVCq1bkVygt00oASowB7EdtpOHaaPgKt812P9ab+DDKA==

get-tsconfig@^4.2.0:
  version "4.4.0"
  resolved "https://registry.yarnpkg.com/get-tsconfig/-/get-tsconfig-4.4.0.tgz#64eee64596668a81b8fce18403f94f245ee0d4e5"
  integrity sha512-0Gdjo/9+FzsYhXCEFueo2aY1z1tpXrxWZzP7k8ul9qt1U5o8rYJwTJYmaeHdrVosYIVYkOy2iwCJ9FdpocJhPQ==

picomatch@^2.2.2:
  version "2.3.1"
  resolved "https://registry.yarnpkg.com/picomatch/-/picomatch-2.3.1.tgz#3ba3833733646d9d3e4995946c1365a67fb07a42"
  integrity sha512-JU3teHTNjmE2VCGFzuY8EXzCDVwEqB2a8fsIvwaStHhAWJEeVd1o1QD80CU6+ZdEXXSLbSsuLwJjkCBWqRQUVA==

prettier@2.8.4:
  version "2.8.4"
  resolved "https://registry.yarnpkg.com/prettier/-/prettier-2.8.4.tgz#34dd2595629bfbb79d344ac4a91ff948694463c3"
  integrity sha512-vIS4Rlc2FNh0BySk3Wkd6xmwxB0FpOndW5fisM5H8hsZSxU2VWVB5CWIkIjWvrHjIhxk2g3bfMKM87zNTrZddw==

rollup-plugin-swc3@^0.8.0:
  version "0.8.0"
  resolved "https://registry.yarnpkg.com/rollup-plugin-swc3/-/rollup-plugin-swc3-0.8.0.tgz#19285c3f32814fc4e20b051ee973addbcd9e38b5"
  integrity sha512-IJapqORpU4NgSJHaFvbTcUe4WQPzgE6v8Suu95ZO4Qw1VwGRcuurvSCuYX1fIzR+DLVlZH4zq/T6uqbmw3Bzxw==
  dependencies:
    "@fastify/deepmerge" "^1.1.0"
    "@rollup/pluginutils" "^4.2.1"
    get-tsconfig "^4.2.0"

rollup@^3.19.1:
  version "3.19.1"
  resolved "https://registry.yarnpkg.com/rollup/-/rollup-3.19.1.tgz#2b3a31ac1ff9f3afab2e523fa687fef5b0ee20fc"
  integrity sha512-lAbrdN7neYCg/8WaoWn/ckzCtz+jr70GFfYdlf50OF7387HTg+wiuiqJRFYawwSPpqfqDNYqK7smY/ks2iAudg==
  optionalDependencies:
    fsevents "~2.3.2"

typescript@^5.0.2:
  version "5.0.2"
  resolved "https://registry.yarnpkg.com/typescript/-/typescript-5.0.2.tgz#891e1a90c5189d8506af64b9ef929fca99ba1ee5"
  integrity sha512-wVORMBGO/FAs/++blGNeAVdbNKtIh1rbBL2EyQ1+J9lClJ93KiiKe8PmFIVdXhHcyv44SL9oglmfeSsndo0jRw==
